// !$*UTF8*$!
{
	archiveVersion = 1;
	classes = {
	};
	objectVersion = 46;
	objects = {

/* Begin PBXBuildFile section */
		94CF9B581F30DBF500E5A31C /* AppDelegate.swift in Sources */ = {isa = PBXBuildFile; fileRef = 94CF9B571F30DBF500E5A31C /* AppDelegate.swift */; };
		94CF9B5A1F30DBF500E5A31C /* ViewController.swift in Sources */ = {isa = PBXBuildFile; fileRef = 94CF9B591F30DBF500E5A31C /* ViewController.swift */; };
		94CF9B5D1F30DBF500E5A31C /* Main.storyboard in Resources */ = {isa = PBXBuildFile; fileRef = 94CF9B5B1F30DBF500E5A31C /* Main.storyboard */; };
		94CF9B5F1F30DBF500E5A31C /* Assets.xcassets in Resources */ = {isa = PBXBuildFile; fileRef = 94CF9B5E1F30DBF500E5A31C /* Assets.xcassets */; };
		94CF9B621F30DBF500E5A31C /* LaunchScreen.storyboard in Resources */ = {isa = PBXBuildFile; fileRef = 94CF9B601F30DBF500E5A31C /* LaunchScreen.storyboard */; };
/* End PBXBuildFile section */

/* Begin PBXFileReference section */
		94CF9B541F30DBF500E5A31C /* FlashcardGame.app */ = {isa = PBXFileReference; explicitFileType = wrapper.application; includeInIndex = 0; path = FlashcardGame.app; sourceTree = BUILT_PRODUCTS_DIR; };
		94CF9B571F30DBF500E5A31C /* AppDelegate.swift */ = {isa = PBXFileReference; lastKnownFileType = sourcecode.swift; path = AppDelegate.swift; sourceTree = "<group>"; };
		94CF9B591F30DBF500E5A31C /* ViewController.swift */ = {isa = PBXFileReference; lastKnownFileType = sourcecode.swift; path = ViewController.swift; sourceTree = "<group>"; };
		94CF9B5C1F30DBF500E5A31C /* Base */ = {isa = PBXFileReference; lastKnownFileType = file.storyboard; name = Base; path = Base.lproj/Main.storyboard; sourceTree = "<group>"; };
		94CF9B5E1F30DBF500E5A31C /* Assets.xcassets */ = {isa = PBXFileReference; lastKnownFileType = folder.assetcatalog; path = Assets.xcassets; sourceTree = "<group>"; };
		94CF9B611F30DBF500E5A31C /* Base */ = {isa = PBXFileReference; lastKnownFileType = file.storyboard; name = Base; path = Base.lproj/LaunchScreen.storyboard; sourceTree = "<group>"; };
		94CF9B631F30DBF500E5A31C /* Info.plist */ = {isa = PBXFileReference; lastKnownFileType = text.plist.xml; path = Info.plist; sourceTree = "<group>"; };
/* End PBXFileReference section */

/* Begin PBXFrameworksBuildPhase section */
		94CF9B511F30DBF500E5A31C /* Frameworks */ = {
			isa = PBXFrameworksBuildPhase;
			buildActionMask = 2147483647;
			files = (
			);
			runOnlyForDeploymentPostprocessing = 0;
		};
/* End PBXFrameworksBuildPhase section */

/* Begin PBXGroup section */
		94CF9B4B1F30DBF500E5A31C = {
			isa = PBXGroup;
			children = (
				94CF9B561F30DBF500E5A31C /* FlashcardGame */,
				94CF9B551F30DBF500E5A31C /* Products */,
			);
			sourceTree = "<group>";
		};
		94CF9B551F30DBF500E5A31C /* Products */ = {
			isa = PBXGroup;
			children = (
				94CF9B541F30DBF500E5A31C /* FlashcardGame.app */,
			);
			name = Products;
			sourceTree = "<group>";
		};
		94CF9B561F30DBF500E5A31C /* FlashcardGame */ = {
			isa = PBXGroup;
			children = (
				94CF9B571F30DBF500E5A31C /* AppDelegate.swift */,
				94CF9B591F30DBF500E5A31C /* ViewController.swift */,
				94CF9B5B1F30DBF500E5A31C /* Main.storyboard */,
				94CF9B5E1F30DBF500E5A31C /* Assets.xcassets */,
				94CF9B601F30DBF500E5A31C /* LaunchScreen.storyboard */,
				94CF9B631F30DBF500E5A31C /* Info.plist */,
			);
			path = FlashcardGame;
			sourceTree = "<group>";
		};
/* End PBXGroup section */

/* Begin PBXNativeTarget section */
		94CF9B531F30DBF500E5A31C /* FlashcardGame */ = {
			isa = PBXNativeTarget;
			buildConfigurationList = 94CF9B661F30DBF500E5A31C /* Build configuration list for PBXNativeTarget "FlashcardGame" */;
			buildPhases = (
				94CF9B501F30DBF500E5A31C /* Sources */,
				94CF9B511F30DBF500E5A31C /* Frameworks */,
				94CF9B521F30DBF500E5A31C /* Resources */,
			);
			buildRules = (
			);
			dependencies = (
			);
			name = FlashcardGame;
			productName = FlashcardGame;
			productReference = 94CF9B541F30DBF500E5A31C /* FlashcardGame.app */;
			productType = "com.apple.product-type.application";
		};
/* End PBXNativeTarget section */

/* Begin PBXProject section */
		94CF9B4C1F30DBF500E5A31C /* Project object */ = {
			isa = PBXProject;
			attributes = {
				LastSwiftUpdateCheck = 0830;
				LastUpgradeCheck = 0830;
				ORGANIZATIONNAME = iDTech;
				TargetAttributes = {
					94CF9B531F30DBF500E5A31C = {
						CreatedOnToolsVersion = 8.3.1;
						ProvisioningStyle = Automatic;
					};
				};
			};
			buildConfigurationList = 94CF9B4F1F30DBF500E5A31C /* Build configuration list for PBXProject "FlashcardGame" */;
			compatibilityVersion = "Xcode 3.2";
			developmentRegion = English;
			hasScannedForEncodings = 0;
			knownRegions = (
				en,
				Base,
			);
			mainGroup = 94CF9B4B1F30DBF500E5A31C;
			productRefGroup = 94CF9B551F30DBF500E5A31C /* Products */;
			projectDirPath = "";
			projectRoot = "";
			targets = (
				94CF9B531F30DBF500E5A31C /* FlashcardGame */,
			);
		};
/* End PBXProject section */

/* Begin PBXResourcesBuildPhase section */
		94CF9B521F30DBF500E5A31C /* Resources */ = {
			isa = PBXResourcesBuildPhase;
			buildActionMask = 2147483647;
			files = (
				94CF9B621F30DBF500E5A31C /* LaunchScreen.storyboard in Resources */,
				94CF9B5F1F30DBF500E5A31C /* Assets.xcassets in Resources */,
				94CF9B5D1F30DBF500E5A31C /* Main.storyboard in Resources */,
			);
			runOnlyForDeploymentPostprocessing = 0;
		};
/* End PBXResourcesBuildPhase section */

/* Begin PBXSourcesBuildPhase section */
		94CF9B501F30DBF500E5A31C /* Sources */ = {
			isa = PBXSourcesBuildPhase;
			buildActionMask = 2147483647;
			files = (
				94CF9B5A1F30DBF500E5A31C /* ViewController.swift in Sources */,
				94CF9B581F30DBF500E5A31C /* AppDelegate.swift in Sources */,
			);
			runOnlyForDeploymentPostprocessing = 0;
		};
/* End PBXSourcesBuildPhase section */

/* Begin PBXVariantGroup section */
		94CF9B5B1F30DBF500E5A31C /* Main.storyboard */ = {
			isa = PBXVariantGroup;
			children = (
				94CF9B5C1F30DBF500E5A31C /* Base */,
			);
			name = Main.storyboard;
			sourceTree = "<group>";
		};
		94CF9B601F30DBF500E5A31C /* LaunchScreen.storyboard */ = {
			isa = PBXVariantGroup;
			children = (
				94CF9B611F30DBF500E5A31C /* Base */,
			);
			name = LaunchScreen.storyboard;
			sourceTree = "<group>";
		};
/* End PBXVariantGroup section */

/* Begin XCBuildConfiguration section */
		94CF9B641F30DBF500E5A31C /* Debug */ = {
			isa = XCBuildConfiguration;
			buildSettings = {
				ALWAYS_SEARCH_USER_PATHS = NO;
				CLANG_ANALYZER_NONNULL = YES;
				CLANG_ANALYZER_NUMBER_OBJECT_CONVERSION = YES_AGGRESSIVE;
				CLANG_CXX_LANGUAGE_STANDARD = "gnu++0x";
				CLANG_CXX_LIBRARY = "libc++";
				CLANG_ENABLE_MODULES = YES;
				CLANG_ENABLE_OBJC_ARC = YES;
				CLANG_WARN_BOOL_CONVERSION = YES;
				CLANG_WARN_CONSTANT_CONVERSION = YES;
				CLANG_WARN_DIRECT_OBJC_ISA_USAGE = YES_ERROR;
				CLANG_WARN_DOCUMENTATION_COMMENTS = YES;
				CLANG_WARN_EMPTY_BODY = YES;
				CLANG_WARN_ENUM_CONVERSION = YES;
				CLANG_WARN_INFINITE_RECURSION = YES;
				CLANG_WARN_INT_CONVERSION = YES;
				CLANG_WARN_OBJC_ROOT_CLASS = YES_ERROR;
				CLANG_WARN_SUSPICIOUS_MOVE = YES;
				CLANG_WARN_UNREACHABLE_CODE = YES;
				CLANG_WARN__DUPLICATE_METHOD_MATCH = YES;
				"CODE_SIGN_IDENTITY[sdk=iphoneos*]" = "iPhone Developer";
				COPY_PHASE_STRIP = NO;
				DEBUG_INFORMATION_FORMAT = dwarf;
				ENABLE_STRICT_OBJC_MSGSEND = YES;
				ENABLE_TESTABILITY = YES;
				GCC_C_LANGUAGE_STANDARD = gnu99;
				GCC_DYNAMIC_NO_PIC = NO;
				GCC_NO_COMMON_BLOCKS = YES;
				GCC_OPTIMIZATION_LEVEL = 0;
				GCC_PREPROCESSOR_DEFINITIONS = (
					"DEBUG=1",
					"$(inherited)",
				);
				GCC_WARN_64_TO_32_BIT_CONVERSION = YES;
				GCC_WARN_ABOUT_RETURN_TYPE = YES_ERROR;
				GCC_WARN_UNDECLARED_SELECTOR = YES;
				GCC_WARN_UNINITIALIZED_AUTOS = YES_AGGRESSIVE;
				GCC_WARN_UNUSED_FUNCTION = YES;
				GCC_WARN_UNUSED_VARIABLE = YES;
				IPHONEOS_DEPLOYMENT_TARGET = 10.3;
				MTL_ENABLE_DEBUG_INFO = YES;
				ONLY_ACTIVE_ARCH = YES;
				SDKROOT = iphoneos;
				SWIFT_ACTIVE_COMPILATION_CONDITIONS = DEBUG;
				SWIFT_OPTIMIZATION_LEVEL = "-Onone";
				TARGETED_DEVICE_FAMILY = "1,2";
			};
			name = Debug;
		};
		94CF9B651F30DBF500E5A31C /* Release */ = {
			isa = XCBuildConfiguration;
			buildSettings = {
				ALWAYS_SEARCH_USER_PATHS = NO;
				CLANG_ANALYZER_NONNULL = YES;
				CLANG_ANALYZER_NUMBER_OBJECT_CONVERSION = YES_AGGRESSIVE;
				CLANG_CXX_LANGUAGE_STANDARD = "gnu++0x";
				CLANG_CXX_LIBRARY = "libc++";
				CLANG_ENABLE_MODULES = YES;
				CLANG_ENABLE_OBJC_ARC = YES;
				CLANG_WARN_BOOL_CONVERSION = YES;
				CLANG_WARN_CONSTANT_CONVERSION = YES;
				CLANG_WARN_DIRECT_OBJC_ISA_USAGE = YES_ERROR;
				CLANG_WARN_DOCUMENTATION_COMMENTS = YES;
				CLANG_WARN_EMPTY_BODY = YES;
				CLANG_WARN_ENUM_CONVERSION = YES;
				CLANG_WARN_INFINITE_RECURSION = YES;
				CLANG_WARN_INT_CONVERSION = YES;
				CLANG_WARN_OBJC_ROOT_CLASS = YES_ERROR;
				CLANG_WARN_SUSPICIOUS_MOVE = YES;
				CLANG_WARN_UNREACHABLE_CODE = YES;
				CLANG_WARN__DUPLICATE_METHOD_MATCH = YES;
				"CODE_SIGN_IDENTITY[sdk=iphoneos*]" = "iPhone Developer";
				COPY_PHASE_STRIP = NO;
				DEBUG_INFORMATION_FORMAT = "dwarf-with-dsym";
				ENABLE_NS_ASSERTIONS = NO;
				ENABLE_STRICT_OBJC_MSGSEND = YES;
				GCC_C_LANGUAGE_STANDARD = gnu99;
				GCC_NO_COMMON_BLOCKS = YES;
				GCC_WARN_64_TO_32_BIT_CONVERSION = YES;
				GCC_WARN_ABOUT_RETURN_TYPE = YES_ERROR;
				GCC_WARN_UNDECLARED_SELECTOR = YES;
				GCC_WARN_UNINITIALIZED_AUTOS = YES_AGGRESSIVE;
				GCC_WARN_UNUSED_FUNCTION = YES;
				GCC_WARN_UNUSED_VARIABLE = YES;
				IPHONEOS_DEPLOYMENT_TARGET = 10.3;
				MTL_ENABLE_DEBUG_INFO = NO;
				SDKROOT = iphoneos;
				SWIFT_OPTIMIZATION_LEVEL = "-Owholemodule";
				TARGETED_DEVICE_FAMILY = "1,2";
				VALIDATE_PRODUCT = YES;
			};
			name = Release;
		};
		94CF9B671F30DBF500E5A31C /* Debug */ = {
			isa = XCBuildConfiguration;
			buildSettings = {
				ASSETCATALOG_COMPILER_APPICON_NAME = AppIcon;
				INFOPLIST_FILE = FlashcardGame/Info.plist;
				LD_RUNPATH_SEARCH_PATHS = "$(inherited) @executable_path/Frameworks";
				PRODUCT_BUNDLE_IDENTIFIER = "com.iDTech.Young-Kim.FlashcardGame";
				PRODUCT_NAME = "$(TARGET_NAME)";
				SWIFT_VERSION = 3.0;
			};
			name = Debug;
		};
		94CF9B681F30DBF500E5A31C /* Release */ = {
			isa = XCBuildConfiguration;
			buildSettings = {
				ASSETCATALOG_COMPILER_APPICON_NAME = AppIcon;
				INFOPLIST_FILE = FlashcardGame/Info.plist;
				LD_RUNPATH_SEARCH_PATHS = "$(inherited) @executable_path/Frameworks";
				PRODUCT_BUNDLE_IDENTIFIER = "com.iDTech.Young-Kim.FlashcardGame";
				PRODUCT_NAME = "$(TARGET_NAME)";
				SWIFT_VERSION = 3.0;
			};
			name = Release;
		};
/* End XCBuildConfiguration section */

/* Begin XCConfigurationList section */
		94CF9B4F1F30DBF500E5A31C /* Build configuration list for PBXProject "FlashcardGame" */ = {
			isa = XCConfigurationList;
			buildConfigurations = (
				94CF9B641F30DBF500E5A31C /* Debug */,
				94CF9B651F30DBF500E5A31C /* Release */,
			);
			defaultConfigurationIsVisible = 0;
			defaultConfigurationName = Release;
		};
		94CF9B661F30DBF500E5A31C /* Build configuration list for PBXNativeTarget "FlashcardGame" */ = {
			isa = XCConfigurationList;
			buildConfigurations = (
				94CF9B671F30DBF500E5A31C /* Debug */,
				94CF9B681F30DBF500E5A31C /* Release */,
			);
			defaultConfigurationIsVisible = 0;
		};
/* End XCConfigurationList section */
	};
	rootObject = 94CF9B4C1F30DBF500E5A31C /* Project object */;
}
